
Microsoft Visual Studio Solution File, Format Version 12.00
# Visual Studio Version 16
VisualStudioVersion = 16.0.31624.102
MinimumVisualStudioVersion = 10.0.40219.1
Project("{FAE04EC0-301F-11D3-BF4B-00C04F79EFBC}") = "Thema3_Klassen_en_Objecten_Opdracht1", "Thema3_Klassen_en_Objecten_Opdracht1\Thema3_Klassen_en_Objecten_Opdracht1.csproj", "{C550437E-8F18-46CA-AEC2-D06483FC0957}"
EndProject
Global
	GlobalSection(SolutionConfigurationPlatforms) = preSolution
		Debug|Any CPU = Debug|Any CPU
		Release|Any CPU = Release|Any CPU
	EndGlobalSection
	GlobalSection(ProjectConfigurationPlatforms) = postSolution
		{C550437E-8F18-46CA-AEC2-D06483FC0957}.Debug|Any CPU.ActiveCfg = Debug|Any CPU
		{C550437E-8F18-46CA-AEC2-D06483FC0957}.Debug|Any CPU.Build.0 = Debug|Any CPU
		{C550437E-8F18-46CA-AEC2-D06483FC0957}.Release|Any CPU.ActiveCfg = Release|Any CPU
		{C550437E-8F18-46CA-AEC2-D06483FC0957}.Release|Any CPU.Build.0 = Release|Any CPU
	EndGlobalSection
	GlobalSection(SolutionProperties) = preSolution
		HideSolutionNode = FALSE
	EndGlobalSection
	GlobalSection(ExtensibilityGlobals) = postSolution
		SolutionGuid = {F6360C2D-1217-4731-9624-55A5A9E6DBE0}
	EndGlobalSection
EndGlobal
